Microsoft Visual Studio Solution File, Format Version 12.00
# Visual Studio 15
VisualStudioVersion = 15.0.26430.6
MinimumVisualStudioVersion = 10.0.40219.1
Project("{2150E333-8FDC-42A3-9474-1A3956D46DE8}") = "src", "src", "{359DDFC7-BDB1-4B02-8FC3-C38BDCFF7E9F}"
EndProject
Project("{FAE04EC0-301F-11D3-BF4B-00C04F79EFBC}") = "TechJobs", "src\TechJobs\TechJobs.csproj", "{14778719-D230-4A24-BD3B-704D11DA20D8}"
EndProject
Global
	GlobalSection(SolutionConfigurationPlatforms) = preSolution
		Debug|Any CPU = Debug|Any CPU
		Debug|x64 = Debug|x64
		Debug|x86 = Debug|x86
		Release|Any CPU = Release|Any CPU
		Release|x64 = Release|x64
		Release|x86 = Release|x86
	EndGlobalSection
	GlobalSection(ProjectConfigurationPlatforms) = postSolution
		{14778719-D230-4A24-BD3B-704D11DA20D8}.Debug|Any CPU.ActiveCfg = Debug|Any CPU
		{14778719-D230-4A24-BD3B-704D11DA20D8}.Debug|Any CPU.Build.0 = Debug|Any CPU
		{14778719-D230-4A24-BD3B-704D11DA20D8}.Debug|x64.ActiveCfg = Debug|Any CPU
		{14778719-D230-4A24-BD3B-704D11DA20D8}.Debug|x86.ActiveCfg = Debug|Any CPU
		{14778719-D230-4A24-BD3B-704D11DA20D8}.Release|Any CPU.ActiveCfg = Release|Any CPU
		{14778719-D230-4A24-BD3B-704D11DA20D8}.Release|Any CPU.Build.0 = Release|Any CPU
		{14778719-D230-4A24-BD3B-704D11DA20D8}.Release|x64.ActiveCfg = Release|Any CPU
		{14778719-D230-4A24-BD3B-704D11DA20D8}.Release|x86.ActiveCfg = Release|Any CPU
	EndGlobalSection
	GlobalSection(SolutionProperties) = preSolution
		HideSolutionNode = FALSE
	EndGlobalSection
	GlobalSection(NestedProjects) = preSolution
		{14778719-D230-4A24-BD3B-704D11DA20D8} = {359DDFC7-BDB1-4B02-8FC3-C38BDCFF7E9F}
	EndGlobalSection
EndGlobal
