
Microsoft Visual Studio Solution File, Format Version 12.00
# Visual Studio 15
VisualStudioVersion = 15.0.26114.2
MinimumVisualStudioVersion = 10.0.40219.1
Project("{2150E333-8FDC-42A3-9474-1A3956D46DE8}") = "src", "src", "{359DDFC7-BDB1-4B02-8FC3-C38BDCFF7E9F}"
EndProject
Project("{FAE04EC0-301F-11D3-BF4B-00C04F79EFBC}") = "TechJobs", "src\TechJobs\TechJobs.csproj", "{14778719-D230-4A24-BD3B-704D11DA20D8}"
EndProject
Project("{2150E333-8FDC-42A3-9474-1A3956D46DE8}") = "Backup", "Backup", "{79D1ABF9-BF8A-44A7-B89A-B395102F977B}"
EndProject
Project("{2150E333-8FDC-42A3-9474-1A3956D46DE8}") = "src", "src", "{934FFB50-9310-47D3-BAC0-41CFCA85A177}"
EndProject
Project("{FAE04EC0-301F-11D3-BF4B-00C04F79EFBC}") = "TechJobs", "Backup\src\TechJobs\TechJobs.csproj", "{234F1D3F-3B95-4029-B557-666CFC0E9D1B}"
EndProject
Project("{FAE04EC0-301F-11D3-BF4B-00C04F79EFBC}") = "Backup1", "Backup1\Backup1.csproj", "{76890A15-625E-490C-919A-69466BBD7A3D}"
EndProject
Project("{FAE04EC0-301F-11D3-BF4B-00C04F79EFBC}") = "Backup3", "Backup3\Backup3.csproj", "{5E60E07C-3034-45C6-8CD1-B93E9BD00192}"
EndProject
Project("{FAE04EC0-301F-11D3-BF4B-00C04F79EFBC}") = "Backup4", "Backup4\Backup4.csproj", "{287452C9-1548-424D-BAA6-DC051CC7D4FA}"
EndProject
Global
	GlobalSection(SolutionConfigurationPlatforms) = preSolution
		Debug|Any CPU = Debug|Any CPU
		Release|Any CPU = Release|Any CPU
		Debug|x64 = Debug|x64
		Debug|x86 = Debug|x86
		Release|x64 = Release|x64
		Release|x86 = Release|x86
	EndGlobalSection
	GlobalSection(ProjectConfigurationPlatforms) = postSolution
		{14778719-D230-4A24-BD3B-704D11DA20D8}.Debug|Any CPU.ActiveCfg = Debug|Any CPU
		{14778719-D230-4A24-BD3B-704D11DA20D8}.Debug|Any CPU.Build.0 = Debug|Any CPU
		{14778719-D230-4A24-BD3B-704D11DA20D8}.Release|Any CPU.ActiveCfg = Release|Any CPU
		{14778719-D230-4A24-BD3B-704D11DA20D8}.Release|Any CPU.Build.0 = Release|Any CPU
		{234F1D3F-3B95-4029-B557-666CFC0E9D1B}.Debug|Any CPU.ActiveCfg = Debug|Any CPU
		{234F1D3F-3B95-4029-B557-666CFC0E9D1B}.Debug|Any CPU.Build.0 = Debug|Any CPU
		{234F1D3F-3B95-4029-B557-666CFC0E9D1B}.Debug|x64.ActiveCfg = Debug|x64
		{234F1D3F-3B95-4029-B557-666CFC0E9D1B}.Debug|x64.Build.0 = Debug|x64
		{234F1D3F-3B95-4029-B557-666CFC0E9D1B}.Debug|x86.ActiveCfg = Debug|x86
		{234F1D3F-3B95-4029-B557-666CFC0E9D1B}.Debug|x86.Build.0 = Debug|x86
		{234F1D3F-3B95-4029-B557-666CFC0E9D1B}.Release|Any CPU.ActiveCfg = Release|Any CPU
		{234F1D3F-3B95-4029-B557-666CFC0E9D1B}.Release|Any CPU.Build.0 = Release|Any CPU
		{234F1D3F-3B95-4029-B557-666CFC0E9D1B}.Release|x64.ActiveCfg = Release|x64
		{234F1D3F-3B95-4029-B557-666CFC0E9D1B}.Release|x64.Build.0 = Release|x64
		{234F1D3F-3B95-4029-B557-666CFC0E9D1B}.Release|x86.ActiveCfg = Release|x86
		{234F1D3F-3B95-4029-B557-666CFC0E9D1B}.Release|x86.Build.0 = Release|x86
		{76890A15-625E-490C-919A-69466BBD7A3D}.Debug|Any CPU.ActiveCfg = Debug|Any CPU
		{76890A15-625E-490C-919A-69466BBD7A3D}.Debug|Any CPU.Build.0 = Debug|Any CPU
		{76890A15-625E-490C-919A-69466BBD7A3D}.Debug|x64.ActiveCfg = Debug|x64
		{76890A15-625E-490C-919A-69466BBD7A3D}.Debug|x64.Build.0 = Debug|x64
		{76890A15-625E-490C-919A-69466BBD7A3D}.Debug|x86.ActiveCfg = Debug|x86
		{76890A15-625E-490C-919A-69466BBD7A3D}.Debug|x86.Build.0 = Debug|x86
		{76890A15-625E-490C-919A-69466BBD7A3D}.Release|Any CPU.ActiveCfg = Release|Any CPU
		{76890A15-625E-490C-919A-69466BBD7A3D}.Release|Any CPU.Build.0 = Release|Any CPU
		{76890A15-625E-490C-919A-69466BBD7A3D}.Release|x64.ActiveCfg = Release|x64
		{76890A15-625E-490C-919A-69466BBD7A3D}.Release|x64.Build.0 = Release|x64
		{76890A15-625E-490C-919A-69466BBD7A3D}.Release|x86.ActiveCfg = Release|x86
		{76890A15-625E-490C-919A-69466BBD7A3D}.Release|x86.Build.0 = Release|x86
		{5E60E07C-3034-45C6-8CD1-B93E9BD00192}.Debug|Any CPU.ActiveCfg = Debug|Any CPU
		{5E60E07C-3034-45C6-8CD1-B93E9BD00192}.Debug|Any CPU.Build.0 = Debug|Any CPU
		{5E60E07C-3034-45C6-8CD1-B93E9BD00192}.Debug|x64.ActiveCfg = Debug|x64
		{5E60E07C-3034-45C6-8CD1-B93E9BD00192}.Debug|x64.Build.0 = Debug|x64
		{5E60E07C-3034-45C6-8CD1-B93E9BD00192}.Debug|x86.ActiveCfg = Debug|x86
		{5E60E07C-3034-45C6-8CD1-B93E9BD00192}.Debug|x86.Build.0 = Debug|x86
		{5E60E07C-3034-45C6-8CD1-B93E9BD00192}.Release|Any CPU.ActiveCfg = Release|Any CPU
		{5E60E07C-3034-45C6-8CD1-B93E9BD00192}.Release|Any CPU.Build.0 = Release|Any CPU
		{5E60E07C-3034-45C6-8CD1-B93E9BD00192}.Release|x64.ActiveCfg = Release|x64
		{5E60E07C-3034-45C6-8CD1-B93E9BD00192}.Release|x64.Build.0 = Release|x64
		{5E60E07C-3034-45C6-8CD1-B93E9BD00192}.Release|x86.ActiveCfg = Release|x86
		{5E60E07C-3034-45C6-8CD1-B93E9BD00192}.Release|x86.Build.0 = Release|x86
		{287452C9-1548-424D-BAA6-DC051CC7D4FA}.Debug|Any CPU.ActiveCfg = Debug|Any CPU
		{287452C9-1548-424D-BAA6-DC051CC7D4FA}.Debug|Any CPU.Build.0 = Debug|Any CPU
		{287452C9-1548-424D-BAA6-DC051CC7D4FA}.Debug|x64.ActiveCfg = Debug|x64
		{287452C9-1548-424D-BAA6-DC051CC7D4FA}.Debug|x64.Build.0 = Debug|x64
		{287452C9-1548-424D-BAA6-DC051CC7D4FA}.Debug|x86.ActiveCfg = Debug|x86
		{287452C9-1548-424D-BAA6-DC051CC7D4FA}.Debug|x86.Build.0 = Debug|x86
		{287452C9-1548-424D-BAA6-DC051CC7D4FA}.Release|Any CPU.ActiveCfg = Release|Any CPU
		{287452C9-1548-424D-BAA6-DC051CC7D4FA}.Release|Any CPU.Build.0 = Release|Any CPU
		{287452C9-1548-424D-BAA6-DC051CC7D4FA}.Release|x64.ActiveCfg = Release|x64
		{287452C9-1548-424D-BAA6-DC051CC7D4FA}.Release|x64.Build.0 = Release|x64
		{287452C9-1548-424D-BAA6-DC051CC7D4FA}.Release|x86.ActiveCfg = Release|x86
		{287452C9-1548-424D-BAA6-DC051CC7D4FA}.Release|x86.Build.0 = Release|x86
	EndGlobalSection
	GlobalSection(SolutionProperties) = preSolution
		HideSolutionNode = FALSE
	EndGlobalSection
	GlobalSection(NestedProjects) = preSolution
		{14778719-D230-4A24-BD3B-704D11DA20D8} = {359DDFC7-BDB1-4B02-8FC3-C38BDCFF7E9F}
		{934FFB50-9310-47D3-BAC0-41CFCA85A177} = {79D1ABF9-BF8A-44A7-B89A-B395102F977B}
		{234F1D3F-3B95-4029-B557-666CFC0E9D1B} = {934FFB50-9310-47D3-BAC0-41CFCA85A177}
	EndGlobalSection
EndGlobal
